{
    "_readme": [
        "This file locks the dependencies of your project to a known state",
        "Read more about it at https://getcomposer.org/doc/01-basic-usage.md#installing-dependencies",
        "This file is @generated automatically"
    ],
    "content-hash": "b6cfb46f47e545160a5d61696805fb15",
    "packages": [
        {
            "name": "google/recaptcha",
            "version": "1.2.1",
            "source": {
                "type": "git",
                "url": "https://github.com/google/recaptcha.git",
                "reference": "e7add3be59211482ecdb942288f52da64a35f61a"
            },
            "dist": {
                "type": "zip",
                "url": "https://api.github.com/repos/google/recaptcha/zipball/e7add3be59211482ecdb942288f52da64a35f61a",
                "reference": "e7add3be59211482ecdb942288f52da64a35f61a",
                "shasum": ""
            },
            "require": {
                "php": ">=5.5"
            },
            "require-dev": {
                "friendsofphp/php-cs-fixer": "^2.2.20|^2.12",
                "php-coveralls/php-coveralls": "^2.1",
                "phpunit/phpunit": "^4.8.36|^5.7.27|^6.59|^7"
            },
            "type": "library",
            "extra": {
                "branch-alias": {
                    "dev-master": "1.2.x-dev"
                }
            },
            "autoload": {
                "psr-4": {
                    "ReCaptcha\\": "src/ReCaptcha"
                }
            },
            "notification-url": "https://packagist.org/downloads/",
            "license": [
                "BSD-3-Clause"
            ],
            "description": "Client library for reCAPTCHA, a free service that protects websites from spam and abuse.",
            "homepage": "https://www.google.com/recaptcha/",
            "keywords": [
                "Abuse",
                "captcha",
                "recaptcha",
                "spam"
            ],
            "time": "2018-08-05T09:31:53+00:00"
        },
        {
            "name": "maxakawizard/json-collection-parser",
            "version": "1.6.1",
            "source": {
                "type": "git",
                "url": "https://github.com/MAXakaWIZARD/JsonCollectionParser.git",
                "reference": "2ce4147e0284269f68cf6f62a021953c9a51e8e4"
            },
            "dist": {
                "type": "zip",
                "url": "https://api.github.com/repos/MAXakaWIZARD/JsonCollectionParser/zipball/2ce4147e0284269f68cf6f62a021953c9a51e8e4",
                "reference": "2ce4147e0284269f68cf6f62a021953c9a51e8e4",
                "shasum": ""
            },
            "require": {
                "php": "^7.1",
                "salsify/json-streaming-parser": "^8.0.2"
            },
            "require-dev": {
                "phpunit/phpunit": "~7.0",
                "satooshi/php-coveralls": "~2.0",
                "squizlabs/php_codesniffer": "~3.0"
            },
            "suggest": {
                "ext-zlib": "Needed to support GZIP-compressed files"
            },
            "type": "library",
            "autoload": {
                "psr-4": {
                    "JsonCollectionParser\\": "src/",
                    "JsonCollectionParser\\Tests\\": "tests/"
                }
            },
            "notification-url": "https://packagist.org/downloads/",
            "license": [
                "MIT"
            ],
            "authors": [
                {
                    "name": "Max Grigorian",
                    "email": "maxakawizard@gmail.com"
                }
            ],
            "description": "Streaming parser for large JSON files containing array of objects",
            "homepage": "https://github.com/MAXakaWIZARD/JsonCollectionParser",
            "keywords": [
                "json"
            ],
            "time": "2019-11-15T16:14:36+00:00"
        },
        {
            "name": "rodenastyle/stream-parser",
            "version": "v1.2",
            "source": {
                "type": "git",
                "url": "https://github.com/Rodenastyle/stream-parser.git",
                "reference": "a160e49da1cefd1660f4e3628a21c3ed97ce31b8"
            },
            "dist": {
                "type": "zip",
                "url": "https://api.github.com/repos/Rodenastyle/stream-parser/zipball/a160e49da1cefd1660f4e3628a21c3ed97ce31b8",
                "reference": "a160e49da1cefd1660f4e3628a21c3ed97ce31b8",
                "shasum": ""
            },
            "require": {
                "ext-xmlreader": "*",
                "maxakawizard/json-collection-parser": "^1.1",
                "php": "^7.1.3",
                "tightenco/collect": "^5.7"
            },
            "require-dev": {
                "mockery/mockery": "^0.9.9",
                "phpunit/phpunit": "^6.0"
            },
            "type": "library",
            "autoload": {
                "psr-4": {
                    "Rodenastyle\\StreamParser\\": "src"
                }
            },
            "notification-url": "https://packagist.org/downloads/",
            "license": [
                "MIT"
            ],
            "authors": [
                {
                    "name": "Sergio Ródenas",
                    "homepage": "https://rodenastyle.com",
                    "role": "developer"
                }
            ],
            "description": "PHP Multiformat Streaming Parser",
            "keywords": [
                "PHP7",
                "csv",
                "json",
                "laravel",
                "parser",
                "pull",
                "stream",
                "xml"
            ],
            "time": "2018-10-29T10:35:06+00:00"
        },
        {
            "name": "salsify/json-streaming-parser",
            "version": "v8.1.0",
            "source": {
                "type": "git",
                "url": "https://github.com/salsify/jsonstreamingparser.git",
                "reference": "0e5b5cb12611fe5376af653b360e12e8c6c6f3bd"
            },
            "dist": {
                "type": "zip",
                "url": "https://api.github.com/repos/salsify/jsonstreamingparser/zipball/0e5b5cb12611fe5376af653b360e12e8c6c6f3bd",
                "reference": "0e5b5cb12611fe5376af653b360e12e8c6c6f3bd",
                "shasum": ""
            },
            "require": {
                "ext-ctype": "*",
                "ext-mbstring": "*",
                "php": "^7.1"
            },
            "require-dev": {
                "ext-json": "*",
                "satooshi/php-coveralls": "~2.0"
            },
            "type": "library",
            "extra": {
                "branch-alias": {
                    "dev-master": "8.0-dev"
                }
            },
            "autoload": {
                "psr-4": {
                    "JsonStreamingParser\\": "src",
                    "JsonStreamingParser\\Test\\": "tests"
                }
            },
            "notification-url": "https://packagist.org/downloads/",
            "license": [
                "MIT"
            ],
            "authors": [
                {
                    "name": "Rob Gonzalez",
                    "email": "rob@salsify.com",
                    "homepage": "http://salsify.com/"
                },
                {
                    "name": "Maxim Gnatenko",
                    "email": "mgnatenko@gmail.com"
                },
                {
                    "name": "Max Grigorian",
                    "email": "maxakawizard@gmail.com",
                    "homepage": "http://wizardcat.com/"
                },
                {
                    "name": "ThePanz",
                    "email": "thepanz@gmail.com"
                }
            ],
            "description": "A streaming parser for JSON in PHP.",
            "homepage": "https://github.com/salsify/jsonstreamingparser",
            "keywords": [
                "json",
                "parser",
                "streaming"
            ],
            "time": "2019-10-13T13:40:17+00:00"
        },
        {
            "name": "symfony/polyfill-mbstring",
            "version": "v1.15.0",
            "source": {
                "type": "git",
                "url": "https://github.com/symfony/polyfill-mbstring.git",
                "reference": "81ffd3a9c6d707be22e3012b827de1c9775fc5ac"
            },
            "dist": {
                "type": "zip",
                "url": "https://api.github.com/repos/symfony/polyfill-mbstring/zipball/81ffd3a9c6d707be22e3012b827de1c9775fc5ac",
                "reference": "81ffd3a9c6d707be22e3012b827de1c9775fc5ac",
                "shasum": ""
            },
            "require": {
                "php": ">=5.3.3"
            },
            "suggest": {
                "ext-mbstring": "For best performance"
            },
            "type": "library",
            "extra": {
                "branch-alias": {
                    "dev-master": "1.15-dev"
                }
            },
            "autoload": {
                "psr-4": {
                    "Symfony\\Polyfill\\Mbstring\\": ""
                },
                "files": [
                    "bootstrap.php"
                ]
            },
            "notification-url": "https://packagist.org/downloads/",
            "license": [
                "MIT"
            ],
            "authors": [
                {
                    "name": "Nicolas Grekas",
                    "email": "p@tchwork.com"
                },
                {
                    "name": "Symfony Community",
                    "homepage": "https://symfony.com/contributors"
                }
            ],
            "description": "Symfony polyfill for the Mbstring extension",
            "homepage": "https://symfony.com",
            "keywords": [
                "compatibility",
                "mbstring",
                "polyfill",
                "portable",
                "shim"
            ],
            "time": "2020-03-09T19:04:49+00:00"
        },
        {
            "name": "symfony/polyfill-php72",
            "version": "v1.15.0",
            "source": {
                "type": "git",
                "url": "https://github.com/symfony/polyfill-php72.git",
                "reference": "37b0976c78b94856543260ce09b460a7bc852747"
            },
            "dist": {
                "type": "zip",
                "url": "https://api.github.com/repos/symfony/polyfill-php72/zipball/37b0976c78b94856543260ce09b460a7bc852747",
                "reference": "37b0976c78b94856543260ce09b460a7bc852747",
                "shasum": ""
            },
            "require": {
                "php": ">=5.3.3"
            },
            "type": "library",
            "extra": {
                "branch-alias": {
                    "dev-master": "1.15-dev"
                }
            },
            "autoload": {
                "psr-4": {
                    "Symfony\\Polyfill\\Php72\\": ""
                },
                "files": [
                    "bootstrap.php"
                ]
            },
            "notification-url": "https://packagist.org/downloads/",
            "license": [
                "MIT"
            ],
            "authors": [
                {
                    "name": "Nicolas Grekas",
                    "email": "p@tchwork.com"
                },
                {
                    "name": "Symfony Community",
                    "homepage": "https://symfony.com/contributors"
                }
            ],
            "description": "Symfony polyfill backporting some PHP 7.2+ features to lower PHP versions",
            "homepage": "https://symfony.com",
            "keywords": [
                "compatibility",
                "polyfill",
                "portable",
                "shim"
            ],
            "time": "2020-02-27T09:26:54+00:00"
        },
        {
            "name": "symfony/var-dumper",
            "version": "v4.4.7",
            "source": {
                "type": "git",
                "url": "https://github.com/symfony/var-dumper.git",
                "reference": "5a0c2d93006131a36cf6f767d10e2ca8333b0d4a"
            },
            "dist": {
                "type": "zip",
                "url": "https://api.github.com/repos/symfony/var-dumper/zipball/5a0c2d93006131a36cf6f767d10e2ca8333b0d4a",
                "reference": "5a0c2d93006131a36cf6f767d10e2ca8333b0d4a",
                "shasum": ""
            },
            "require": {
                "php": "^7.1.3",
                "symfony/polyfill-mbstring": "~1.0",
                "symfony/polyfill-php72": "~1.5"
            },
            "conflict": {
                "phpunit/phpunit": "<4.8.35|<5.4.3,>=5.0",
                "symfony/console": "<3.4"
            },
            "require-dev": {
                "ext-iconv": "*",
                "symfony/console": "^3.4|^4.0|^5.0",
                "symfony/process": "^4.4|^5.0",
                "twig/twig": "^1.34|^2.4|^3.0"
            },
            "suggest": {
                "ext-iconv": "To convert non-UTF-8 strings to UTF-8 (or symfony/polyfill-iconv in case ext-iconv cannot be used).",
                "ext-intl": "To show region name in time zone dump",
                "symfony/console": "To use the ServerDumpCommand and/or the bin/var-dump-server script"
            },
            "bin": [
                "Resources/bin/var-dump-server"
            ],
            "type": "library",
            "extra": {
                "branch-alias": {
                    "dev-master": "4.4-dev"
                }
            },
            "autoload": {
                "files": [
                    "Resources/functions/dump.php"
                ],
                "psr-4": {
                    "Symfony\\Component\\VarDumper\\": ""
                },
                "exclude-from-classmap": [
                    "/Tests/"
                ]
            },
            "notification-url": "https://packagist.org/downloads/",
            "license": [
                "MIT"
            ],
            "authors": [
                {
                    "name": "Nicolas Grekas",
                    "email": "p@tchwork.com"
                },
                {
                    "name": "Symfony Community",
                    "homepage": "https://symfony.com/contributors"
                }
            ],
            "description": "Symfony mechanism for exploring and dumping PHP variables",
            "homepage": "https://symfony.com",
            "keywords": [
                "debug",
                "dump"
            ],
            "time": "2020-03-27T16:54:36+00:00"
        },
        {
            "name": "tightenco/collect",
            "version": "v5.8.38",
            "source": {
                "type": "git",
                "url": "https://github.com/tightenco/collect.git",
                "reference": "c93a7039e6207ad533a09109838fe80933fcc72c"
            },
            "dist": {
                "type": "zip",
                "url": "https://api.github.com/repos/tightenco/collect/zipball/c93a7039e6207ad533a09109838fe80933fcc72c",
                "reference": "c93a7039e6207ad533a09109838fe80933fcc72c",
                "shasum": ""
            },
            "require": {
                "php": "^7.1.3",
                "symfony/var-dumper": ">=3.4 <5"
            },
            "require-dev": {
                "mockery/mockery": "^1.0",
                "nesbot/carbon": "^1.26.3",
                "phpunit/phpunit": "^7.0"
            },
            "type": "library",
            "autoload": {
                "files": [
                    "src/Collect/Support/helpers.php",
                    "src/Collect/Support/alias.php"
                ],
                "psr-4": {
                    "Tightenco\\Collect\\": "src/Collect"
                }
            },
            "notification-url": "https://packagist.org/downloads/",
            "license": [
                "MIT"
            ],
            "authors": [
                {
                    "name": "Taylor Otwell",
                    "email": "taylorotwell@gmail.com"
                }
            ],
            "description": "Collect - Illuminate Collections as a separate package.",
            "keywords": [
                "collection",
                "laravel"
            ],
            "time": "2019-09-17T18:57:01+00:00"
        }
    ],
    "packages-dev": [],
    "aliases": [],
    "minimum-stability": "stable",
    "stability-flags": [],
    "prefer-stable": false,
    "prefer-lowest": false,
    "platform": [],
    "platform-dev": []
}
